
Microsoft Visual Studio Solution File, Format Version 12.00
# Visual Studio Version 16
VisualStudioVersion = 16.0.30128.74
MinimumVisualStudioVersion = 10.0.40219.1
Project("{FAE04EC0-301F-11D3-BF4B-00C04F79EFBC}") = "MvcMovie", "MvcMovie.csproj", "{30A6F57E-A3DB-49F5-BE8A-5070C44B1274}"
EndProject
Global
	GlobalSection(SolutionConfigurationPlatforms) = preSolution
		Debug|Any CPU = Debug|Any CPU
		Release|Any CPU = Release|Any CPU
	EndGlobalSection
	GlobalSection(ProjectConfigurationPlatforms) = postSolution
		{30A6F57E-A3DB-49F5-BE8A-5070C44B1274}.Debug|Any CPU.ActiveCfg = Debug|Any CPU
		{30A6F57E-A3DB-49F5-BE8A-5070C44B1274}.Debug|Any CPU.Build.0 = Debug|Any CPU
		{30A6F57E-A3DB-49F5-BE8A-5070C44B1274}.Release|Any CPU.ActiveCfg = Release|Any CPU
		{30A6F57E-A3DB-49F5-BE8A-5070C44B1274}.Release|Any CPU.Build.0 = Release|Any CPU
	EndGlobalSection
	GlobalSection(SolutionProperties) = preSolution
		HideSolutionNode = FALSE
	EndGlobalSection
	GlobalSection(ExtensibilityGlobals) = postSolution
		SolutionGuid = {AEE503C4-0D41-4AFB-A924-2B342F80EEA3}
	EndGlobalSection
EndGlobal
